
Microsoft Visual Studio Solution File, Format Version 12.00
# Visual Studio Version 17
VisualStudioVersion = 17.11.35327.3
MinimumVisualStudioVersion = 10.0.40219.1
Project("{9A19103F-16F7-4668-BE54-9A1E7A4F7556}") = "ModelGenerator", "ModelGenerator\ModelGenerator.csproj", "{FB5457AA-CE89-48BB-8F1F-2540DF894492}"
EndProject
Project("{9A19103F-16F7-4668-BE54-9A1E7A4F7556}") = "ModelGeneratorExample", "ModelGeneratorExample\ModelGeneratorExample.csproj", "{A80ED62D-CCA9-4D8E-B04D-9BEA5CD7DF78}"
EndProject
Project("{9A19103F-16F7-4668-BE54-9A1E7A4F7556}") = "SCLParser", "..\..\SCLParser\SCLParser.csproj", "{88069284-150D-4BAE-8C7B-140298C5C011}"
EndProject
Global
	GlobalSection(SolutionConfigurationPlatforms) = preSolution
		Debug|Any CPU = Debug|Any CPU
		Release|Any CPU = Release|Any CPU
	EndGlobalSection
	GlobalSection(ProjectConfigurationPlatforms) = postSolution
		{FB5457AA-CE89-48BB-8F1F-2540DF894492}.Debug|Any CPU.ActiveCfg = Debug|Any CPU
		{FB5457AA-CE89-48BB-8F1F-2540DF894492}.Debug|Any CPU.Build.0 = Debug|Any CPU
		{FB5457AA-CE89-48BB-8F1F-2540DF894492}.Release|Any CPU.ActiveCfg = Release|Any CPU
		{FB5457AA-CE89-48BB-8F1F-2540DF894492}.Release|Any CPU.Build.0 = Release|Any CPU
		{A80ED62D-CCA9-4D8E-B04D-9BEA5CD7DF78}.Debug|Any CPU.ActiveCfg = Debug|Any CPU
		{A80ED62D-CCA9-4D8E-B04D-9BEA5CD7DF78}.Debug|Any CPU.Build.0 = Debug|Any CPU
		{A80ED62D-CCA9-4D8E-B04D-9BEA5CD7DF78}.Release|Any CPU.ActiveCfg = Release|Any CPU
		{A80ED62D-CCA9-4D8E-B04D-9BEA5CD7DF78}.Release|Any CPU.Build.0 = Release|Any CPU
		{88069284-150D-4BAE-8C7B-140298C5C011}.Debug|Any CPU.ActiveCfg = Debug|Any CPU
		{88069284-150D-4BAE-8C7B-140298C5C011}.Debug|Any CPU.Build.0 = Debug|Any CPU
		{88069284-150D-4BAE-8C7B-140298C5C011}.Release|Any CPU.ActiveCfg = Release|Any CPU
		{88069284-150D-4BAE-8C7B-140298C5C011}.Release|Any CPU.Build.0 = Release|Any CPU
	EndGlobalSection
	GlobalSection(SolutionProperties) = preSolution
		HideSolutionNode = FALSE
	EndGlobalSection
	GlobalSection(ExtensibilityGlobals) = postSolution
		SolutionGuid = {4D5970CE-F389-4BCE-934E-F1E597AFEE22}
	EndGlobalSection
EndGlobal
